// !$*UTF8*$!
{
	archiveVersion = 1;
	classes = {
	};
	objectVersion = 56;
	objects = {

/* Begin PBXBuildFile section */
		4AE67D59293A496A005C685D /* AppDelegate.swift in Sources */ = {isa = PBXBuildFile; fileRef = 4AE67D58293A496A005C685D /* AppDelegate.swift */; };
		4AE67D5B293A496A005C685D /* SceneDelegate.swift in Sources */ = {isa = PBXBuildFile; fileRef = 4AE67D5A293A496A005C685D /* SceneDelegate.swift */; };
		4AE67D5D293A496A005C685D /* ViewController.swift in Sources */ = {isa = PBXBuildFile; fileRef = 4AE67D5C293A496A005C685D /* ViewController.swift */; };
		4AE67D62293A496C005C685D /* Assets.xcassets in Resources */ = {isa = PBXBuildFile; fileRef = 4AE67D61293A496C005C685D /* Assets.xcassets */; };
		4AE67D65293A496C005C685D /* LaunchScreen.storyboard in Resources */ = {isa = PBXBuildFile; fileRef = 4AE67D63293A496C005C685D /* LaunchScreen.storyboard */; };
		4AE67D74293A4B1F005C685D /* TabBarViewController.swift in Sources */ = {isa = PBXBuildFile; fileRef = 4AE67D73293A4B1F005C685D /* TabBarViewController.swift */; };
		4AE67D76293A4B7A005C685D /* SearchViewController.swift in Sources */ = {isa = PBXBuildFile; fileRef = 4AE67D75293A4B7A005C685D /* SearchViewController.swift */; };
		4AE67D78293A4B92005C685D /* LibraryViewController.swift in Sources */ = {isa = PBXBuildFile; fileRef = 4AE67D77293A4B92005C685D /* LibraryViewController.swift */; };
		4AE67D7C293A4BEF005C685D /* AuthViewController.swift in Sources */ = {isa = PBXBuildFile; fileRef = 4AE67D7B293A4BEF005C685D /* AuthViewController.swift */; };
		4AE67D7E293A4C01005C685D /* WelcomeViewController.swift in Sources */ = {isa = PBXBuildFile; fileRef = 4AE67D7D293A4C01005C685D /* WelcomeViewController.swift */; };
		4AE67D80293A4C19005C685D /* SettingsViewController.swift in Sources */ = {isa = PBXBuildFile; fileRef = 4AE67D7F293A4C19005C685D /* SettingsViewController.swift */; };
		4AE67D82293A4C2E005C685D /* ProfileViewController.swift in Sources */ = {isa = PBXBuildFile; fileRef = 4AE67D81293A4C2E005C685D /* ProfileViewController.swift */; };
		4AE67D84293A4C42005C685D /* PlayerViewController.swift in Sources */ = {isa = PBXBuildFile; fileRef = 4AE67D83293A4C42005C685D /* PlayerViewController.swift */; };
		4AE67D86293A4C56005C685D /* PlaylistViewController.swift in Sources */ = {isa = PBXBuildFile; fileRef = 4AE67D85293A4C56005C685D /* PlaylistViewController.swift */; };
		4AE67D88293A4C82005C685D /* SearchResultsViewController.swift in Sources */ = {isa = PBXBuildFile; fileRef = 4AE67D87293A4C82005C685D /* SearchResultsViewController.swift */; };
		4AE67D8A293A4CA4005C685D /* AuthManager.swift in Sources */ = {isa = PBXBuildFile; fileRef = 4AE67D89293A4CA4005C685D /* AuthManager.swift */; };
		4AE67D8C293A4CBB005C685D /* APICaller.swift in Sources */ = {isa = PBXBuildFile; fileRef = 4AE67D8B293A4CBB005C685D /* APICaller.swift */; };
		4AE67D8E293A4CD3005C685D /* HapticsManager.swift in Sources */ = {isa = PBXBuildFile; fileRef = 4AE67D8D293A4CD3005C685D /* HapticsManager.swift */; };
		4AE67D90293A4CEF005C685D /* Playlist.swift in Sources */ = {isa = PBXBuildFile; fileRef = 4AE67D8F293A4CEF005C685D /* Playlist.swift */; };
		4AE67D92293A4D01005C685D /* AudioTrack.swift in Sources */ = {isa = PBXBuildFile; fileRef = 4AE67D91293A4D01005C685D /* AudioTrack.swift */; };
		4AE67D94293A4D13005C685D /* Artist.swift in Sources */ = {isa = PBXBuildFile; fileRef = 4AE67D93293A4D13005C685D /* Artist.swift */; };
		4AE67D96293A4D26005C685D /* UserProfile.swift in Sources */ = {isa = PBXBuildFile; fileRef = 4AE67D95293A4D26005C685D /* UserProfile.swift */; };
/* End PBXBuildFile section */

/* Begin PBXFileReference section */
		4AE67D55293A496A005C685D /* Spotify.app */ = {isa = PBXFileReference; explicitFileType = wrapper.application; includeInIndex = 0; path = Spotify.app; sourceTree = BUILT_PRODUCTS_DIR; };
		4AE67D58293A496A005C685D /* AppDelegate.swift */ = {isa = PBXFileReference; lastKnownFileType = sourcecode.swift; path = AppDelegate.swift; sourceTree = "<group>"; };
		4AE67D5A293A496A005C685D /* SceneDelegate.swift */ = {isa = PBXFileReference; lastKnownFileType = sourcecode.swift; path = SceneDelegate.swift; sourceTree = "<group>"; };
		4AE67D5C293A496A005C685D /* ViewController.swift */ = {isa = PBXFileReference; lastKnownFileType = sourcecode.swift; path = ViewController.swift; sourceTree = "<group>"; };
		4AE67D61293A496C005C685D /* Assets.xcassets */ = {isa = PBXFileReference; lastKnownFileType = folder.assetcatalog; path = Assets.xcassets; sourceTree = "<group>"; };
		4AE67D64293A496C005C685D /* Base */ = {isa = PBXFileReference; lastKnownFileType = file.storyboard; name = Base; path = Base.lproj/LaunchScreen.storyboard; sourceTree = "<group>"; };
		4AE67D66293A496C005C685D /* Info.plist */ = {isa = PBXFileReference; explicitFileType = text.xml; path = Info.plist; sourceTree = "<group>"; };
		4AE67D73293A4B1F005C685D /* TabBarViewController.swift */ = {isa = PBXFileReference; lastKnownFileType = sourcecode.swift; path = TabBarViewController.swift; sourceTree = "<group>"; };
		4AE67D75293A4B7A005C685D /* SearchViewController.swift */ = {isa = PBXFileReference; lastKnownFileType = sourcecode.swift; path = SearchViewController.swift; sourceTree = "<group>"; };
		4AE67D77293A4B92005C685D /* LibraryViewController.swift */ = {isa = PBXFileReference; lastKnownFileType = sourcecode.swift; path = LibraryViewController.swift; sourceTree = "<group>"; };
		4AE67D7B293A4BEF005C685D /* AuthViewController.swift */ = {isa = PBXFileReference; lastKnownFileType = sourcecode.swift; path = AuthViewController.swift; sourceTree = "<group>"; };
		4AE67D7D293A4C01005C685D /* WelcomeViewController.swift */ = {isa = PBXFileReference; lastKnownFileType = sourcecode.swift; path = WelcomeViewController.swift; sourceTree = "<group>"; };
		4AE67D7F293A4C19005C685D /* SettingsViewController.swift */ = {isa = PBXFileReference; lastKnownFileType = sourcecode.swift; path = SettingsViewController.swift; sourceTree = "<group>"; };
		4AE67D81293A4C2E005C685D /* ProfileViewController.swift */ = {isa = PBXFileReference; lastKnownFileType = sourcecode.swift; path = ProfileViewController.swift; sourceTree = "<group>"; };
		4AE67D83293A4C42005C685D /* PlayerViewController.swift */ = {isa = PBXFileReference; lastKnownFileType = sourcecode.swift; path = PlayerViewController.swift; sourceTree = "<group>"; };
		4AE67D85293A4C56005C685D /* PlaylistViewController.swift */ = {isa = PBXFileReference; lastKnownFileType = sourcecode.swift; path = PlaylistViewController.swift; sourceTree = "<group>"; };
		4AE67D87293A4C82005C685D /* SearchResultsViewController.swift */ = {isa = PBXFileReference; lastKnownFileType = sourcecode.swift; path = SearchResultsViewController.swift; sourceTree = "<group>"; };
		4AE67D89293A4CA4005C685D /* AuthManager.swift */ = {isa = PBXFileReference; lastKnownFileType = sourcecode.swift; path = AuthManager.swift; sourceTree = "<group>"; };
		4AE67D8B293A4CBB005C685D /* APICaller.swift */ = {isa = PBXFileReference; lastKnownFileType = sourcecode.swift; path = APICaller.swift; sourceTree = "<group>"; };
		4AE67D8D293A4CD3005C685D /* HapticsManager.swift */ = {isa = PBXFileReference; lastKnownFileType = sourcecode.swift; path = HapticsManager.swift; sourceTree = "<group>"; };
		4AE67D8F293A4CEF005C685D /* Playlist.swift */ = {isa = PBXFileReference; lastKnownFileType = sourcecode.swift; path = Playlist.swift; sourceTree = "<group>"; };
		4AE67D91293A4D01005C685D /* AudioTrack.swift */ = {isa = PBXFileReference; lastKnownFileType = sourcecode.swift; path = AudioTrack.swift; sourceTree = "<group>"; };
		4AE67D93293A4D13005C685D /* Artist.swift */ = {isa = PBXFileReference; lastKnownFileType = sourcecode.swift; path = Artist.swift; sourceTree = "<group>"; };
		4AE67D95293A4D26005C685D /* UserProfile.swift */ = {isa = PBXFileReference; lastKnownFileType = sourcecode.swift; path = UserProfile.swift; sourceTree = "<group>"; };
/* End PBXFileReference section */

/* Begin PBXFrameworksBuildPhase section */
		4AE67D52293A496A005C685D /* Frameworks */ = {
			isa = PBXFrameworksBuildPhase;
			buildActionMask = 2147483647;
			files = (
			);
			runOnlyForDeploymentPostprocessing = 0;
		};
/* End PBXFrameworksBuildPhase section */

/* Begin PBXGroup section */
		4AE67D4C293A496A005C685D = {
			isa = PBXGroup;
			children = (
				4AE67D57293A496A005C685D /* Spotify */,
				4AE67D56293A496A005C685D /* Products */,
			);
			sourceTree = "<group>";
		};
		4AE67D56293A496A005C685D /* Products */ = {
			isa = PBXGroup;
			children = (
				4AE67D55293A496A005C685D /* Spotify.app */,
			);
			name = Products;
			sourceTree = "<group>";
		};
		4AE67D57293A496A005C685D /* Spotify */ = {
			isa = PBXGroup;
			children = (
				4AE67D6E293A4982005C685D /* Resources */,
				4AE67D72293A49A7005C685D /* Controllers */,
				4AE67D71293A499D005C685D /* ViewModels */,
				4AE67D70293A4996005C685D /* Managers */,
				4AE67D6D293A4978005C685D /* Models */,
				4AE67D6C293A4972005C685D /* Views */,
				4AE67D66293A496C005C685D /* Info.plist */,
			);
			path = Spotify;
			sourceTree = "<group>";
		};
		4AE67D6C293A4972005C685D /* Views */ = {
			isa = PBXGroup;
			children = (
				4AE67D63293A496C005C685D /* LaunchScreen.storyboard */,
			);
			path = Views;
			sourceTree = "<group>";
		};
		4AE67D6D293A4978005C685D /* Models */ = {
			isa = PBXGroup;
			children = (
				4AE67D8F293A4CEF005C685D /* Playlist.swift */,
				4AE67D91293A4D01005C685D /* AudioTrack.swift */,
				4AE67D93293A4D13005C685D /* Artist.swift */,
				4AE67D95293A4D26005C685D /* UserProfile.swift */,
			);
			path = Models;
			sourceTree = "<group>";
		};
		4AE67D6E293A4982005C685D /* Resources */ = {
			isa = PBXGroup;
			children = (
				4AE67D61293A496C005C685D /* Assets.xcassets */,
				4AE67D5A293A496A005C685D /* SceneDelegate.swift */,
				4AE67D58293A496A005C685D /* AppDelegate.swift */,
			);
			path = Resources;
			sourceTree = "<group>";
		};
		4AE67D70293A4996005C685D /* Managers */ = {
			isa = PBXGroup;
			children = (
				4AE67D89293A4CA4005C685D /* AuthManager.swift */,
				4AE67D8B293A4CBB005C685D /* APICaller.swift */,
				4AE67D8D293A4CD3005C685D /* HapticsManager.swift */,
			);
			path = Managers;
			sourceTree = "<group>";
		};
		4AE67D71293A499D005C685D /* ViewModels */ = {
			isa = PBXGroup;
			children = (
			);
			path = ViewModels;
			sourceTree = "<group>";
		};
		4AE67D72293A49A7005C685D /* Controllers */ = {
			isa = PBXGroup;
			children = (
				4AE67D7A293A4BD2005C685D /* Other */,
				4AE67D79293A4BA6005C685D /* Core */,
			);
			path = Controllers;
			sourceTree = "<group>";
		};
		4AE67D79293A4BA6005C685D /* Core */ = {
			isa = PBXGroup;
			children = (
				4AE67D73293A4B1F005C685D /* TabBarViewController.swift */,
				4AE67D5C293A496A005C685D /* ViewController.swift */,
				4AE67D75293A4B7A005C685D /* SearchViewController.swift */,
				4AE67D77293A4B92005C685D /* LibraryViewController.swift */,
			);
			path = Core;
			sourceTree = "<group>";
		};
		4AE67D7A293A4BD2005C685D /* Other */ = {
			isa = PBXGroup;
			children = (
				4AE67D7B293A4BEF005C685D /* AuthViewController.swift */,
				4AE67D7D293A4C01005C685D /* WelcomeViewController.swift */,
				4AE67D7F293A4C19005C685D /* SettingsViewController.swift */,
				4AE67D81293A4C2E005C685D /* ProfileViewController.swift */,
				4AE67D83293A4C42005C685D /* PlayerViewController.swift */,
				4AE67D85293A4C56005C685D /* PlaylistViewController.swift */,
				4AE67D87293A4C82005C685D /* SearchResultsViewController.swift */,
			);
			path = Other;
			sourceTree = "<group>";
		};
/* End PBXGroup section */

/* Begin PBXNativeTarget section */
		4AE67D54293A496A005C685D /* Spotify */ = {
			isa = PBXNativeTarget;
			buildConfigurationList = 4AE67D69293A496C005C685D /* Build configuration list for PBXNativeTarget "Spotify" */;
			buildPhases = (
				4AE67D51293A496A005C685D /* Sources */,
				4AE67D52293A496A005C685D /* Frameworks */,
				4AE67D53293A496A005C685D /* Resources */,
			);
			buildRules = (
			);
			dependencies = (
			);
			name = Spotify;
			productName = Spotify;
			productReference = 4AE67D55293A496A005C685D /* Spotify.app */;
			productType = "com.apple.product-type.application";
		};
/* End PBXNativeTarget section */

/* Begin PBXProject section */
		4AE67D4D293A496A005C685D /* Project object */ = {
			isa = PBXProject;
			attributes = {
				BuildIndependentTargetsInParallel = 1;
				LastSwiftUpdateCheck = 1410;
				LastUpgradeCheck = 1410;
				TargetAttributes = {
					4AE67D54293A496A005C685D = {
						CreatedOnToolsVersion = 14.1;
					};
				};
			};
			buildConfigurationList = 4AE67D50293A496A005C685D /* Build configuration list for PBXProject "Spotify" */;
			compatibilityVersion = "Xcode 14.0";
			developmentRegion = en;
			hasScannedForEncodings = 0;
			knownRegions = (
				en,
				Base,
			);
			mainGroup = 4AE67D4C293A496A005C685D;
			productRefGroup = 4AE67D56293A496A005C685D /* Products */;
			projectDirPath = "";
			projectRoot = "";
			targets = (
				4AE67D54293A496A005C685D /* Spotify */,
			);
		};
/* End PBXProject section */

/* Begin PBXResourcesBuildPhase section */
		4AE67D53293A496A005C685D /* Resources */ = {
			isa = PBXResourcesBuildPhase;
			buildActionMask = 2147483647;
			files = (
				4AE67D65293A496C005C685D /* LaunchScreen.storyboard in Resources */,
				4AE67D62293A496C005C685D /* Assets.xcassets in Resources */,
			);
			runOnlyForDeploymentPostprocessing = 0;
		};
/* End PBXResourcesBuildPhase section */

/* Begin PBXSourcesBuildPhase section */
		4AE67D51293A496A005C685D /* Sources */ = {
			isa = PBXSourcesBuildPhase;
			buildActionMask = 2147483647;
			files = (
				4AE67D76293A4B7A005C685D /* SearchViewController.swift in Sources */,
				4AE67D90293A4CEF005C685D /* Playlist.swift in Sources */,
				4AE67D8A293A4CA4005C685D /* AuthManager.swift in Sources */,
				4AE67D88293A4C82005C685D /* SearchResultsViewController.swift in Sources */,
				4AE67D7E293A4C01005C685D /* WelcomeViewController.swift in Sources */,
				4AE67D82293A4C2E005C685D /* ProfileViewController.swift in Sources */,
				4AE67D5D293A496A005C685D /* ViewController.swift in Sources */,
				4AE67D8E293A4CD3005C685D /* HapticsManager.swift in Sources */,
				4AE67D92293A4D01005C685D /* AudioTrack.swift in Sources */,
				4AE67D59293A496A005C685D /* AppDelegate.swift in Sources */,
				4AE67D7C293A4BEF005C685D /* AuthViewController.swift in Sources */,
				4AE67D74293A4B1F005C685D /* TabBarViewController.swift in Sources */,
				4AE67D96293A4D26005C685D /* UserProfile.swift in Sources */,
				4AE67D78293A4B92005C685D /* LibraryViewController.swift in Sources */,
				4AE67D94293A4D13005C685D /* Artist.swift in Sources */,
				4AE67D86293A4C56005C685D /* PlaylistViewController.swift in Sources */,
				4AE67D5B293A496A005C685D /* SceneDelegate.swift in Sources */,
				4AE67D84293A4C42005C685D /* PlayerViewController.swift in Sources */,
				4AE67D8C293A4CBB005C685D /* APICaller.swift in Sources */,
				4AE67D80293A4C19005C685D /* SettingsViewController.swift in Sources */,
			);
			runOnlyForDeploymentPostprocessing = 0;
		};
/* End PBXSourcesBuildPhase section */

/* Begin PBXVariantGroup section */
		4AE67D63293A496C005C685D /* LaunchScreen.storyboard */ = {
			isa = PBXVariantGroup;
			children = (
				4AE67D64293A496C005C685D /* Base */,
			);
			name = LaunchScreen.storyboard;
			sourceTree = "<group>";
		};
/* End PBXVariantGroup section */

/* Begin XCBuildConfiguration section */
		4AE67D67293A496C005C685D /* Debug */ = {
			isa = XCBuildConfiguration;
			buildSettings = {
				ALWAYS_SEARCH_USER_PATHS = NO;
				CLANG_ANALYZER_NONNULL = YES;
				CLANG_ANALYZER_NUMBER_OBJECT_CONVERSION = YES_AGGRESSIVE;
				CLANG_CXX_LANGUAGE_STANDARD = "gnu++20";
				CLANG_ENABLE_MODULES = YES;
				CLANG_ENABLE_OBJC_ARC = YES;
				CLANG_ENABLE_OBJC_WEAK = YES;
				CLANG_WARN_BLOCK_CAPTURE_AUTORELEASING = YES;
				CLANG_WARN_BOOL_CONVERSION = YES;
				CLANG_WARN_COMMA = YES;
				CLANG_WARN_CONSTANT_CONVERSION = YES;
				CLANG_WARN_DEPRECATED_OBJC_IMPLEMENTATIONS = YES;
				CLANG_WARN_DIRECT_OBJC_ISA_USAGE = YES_ERROR;
				CLANG_WARN_DOCUMENTATION_COMMENTS = YES;
				CLANG_WARN_EMPTY_BODY = YES;
				CLANG_WARN_ENUM_CONVERSION = YES;
				CLANG_WARN_INFINITE_RECURSION = YES;
				CLANG_WARN_INT_CONVERSION = YES;
				CLANG_WARN_NON_LITERAL_NULL_CONVERSION = YES;
				CLANG_WARN_OBJC_IMPLICIT_RETAIN_SELF = YES;
				CLANG_WARN_OBJC_LITERAL_CONVERSION = YES;
				CLANG_WARN_OBJC_ROOT_CLASS = YES_ERROR;
				CLANG_WARN_QUOTED_INCLUDE_IN_FRAMEWORK_HEADER = YES;
				CLANG_WARN_RANGE_LOOP_ANALYSIS = YES;
				CLANG_WARN_STRICT_PROTOTYPES = YES;
				CLANG_WARN_SUSPICIOUS_MOVE = YES;
				CLANG_WARN_UNGUARDED_AVAILABILITY = YES_AGGRESSIVE;
				CLANG_WARN_UNREACHABLE_CODE = YES;
				CLANG_WARN__DUPLICATE_METHOD_MATCH = YES;
				COPY_PHASE_STRIP = NO;
				DEBUG_INFORMATION_FORMAT = dwarf;
				ENABLE_STRICT_OBJC_MSGSEND = YES;
				ENABLE_TESTABILITY = YES;
				GCC_C_LANGUAGE_STANDARD = gnu11;
				GCC_DYNAMIC_NO_PIC = NO;
				GCC_NO_COMMON_BLOCKS = YES;
				GCC_OPTIMIZATION_LEVEL = 0;
				GCC_PREPROCESSOR_DEFINITIONS = (
					"DEBUG=1",
					"$(inherited)",
				);
				GCC_WARN_64_TO_32_BIT_CONVERSION = YES;
				GCC_WARN_ABOUT_RETURN_TYPE = YES_ERROR;
				GCC_WARN_UNDECLARED_SELECTOR = YES;
				GCC_WARN_UNINITIALIZED_AUTOS = YES_AGGRESSIVE;
				GCC_WARN_UNUSED_FUNCTION = YES;
				GCC_WARN_UNUSED_VARIABLE = YES;
				IPHONEOS_DEPLOYMENT_TARGET = 16.1;
				MTL_ENABLE_DEBUG_INFO = INCLUDE_SOURCE;
				MTL_FAST_MATH = YES;
				ONLY_ACTIVE_ARCH = YES;
				SDKROOT = iphoneos;
				SWIFT_ACTIVE_COMPILATION_CONDITIONS = DEBUG;
				SWIFT_OPTIMIZATION_LEVEL = "-Onone";
			};
			name = Debug;
		};
		4AE67D68293A496C005C685D /* Release */ = {
			isa = XCBuildConfiguration;
			buildSettings = {
				ALWAYS_SEARCH_USER_PATHS = NO;
				CLANG_ANALYZER_NONNULL = YES;
				CLANG_ANALYZER_NUMBER_OBJECT_CONVERSION = YES_AGGRESSIVE;
				CLANG_CXX_LANGUAGE_STANDARD = "gnu++20";
				CLANG_ENABLE_MODULES = YES;
				CLANG_ENABLE_OBJC_ARC = YES;
				CLANG_ENABLE_OBJC_WEAK = YES;
				CLANG_WARN_BLOCK_CAPTURE_AUTORELEASING = YES;
				CLANG_WARN_BOOL_CONVERSION = YES;
				CLANG_WARN_COMMA = YES;
				CLANG_WARN_CONSTANT_CONVERSION = YES;
				CLANG_WARN_DEPRECATED_OBJC_IMPLEMENTATIONS = YES;
				CLANG_WARN_DIRECT_OBJC_ISA_USAGE = YES_ERROR;
				CLANG_WARN_DOCUMENTATION_COMMENTS = YES;
				CLANG_WARN_EMPTY_BODY = YES;
				CLANG_WARN_ENUM_CONVERSION = YES;
				CLANG_WARN_INFINITE_RECURSION = YES;
				CLANG_WARN_INT_CONVERSION = YES;
				CLANG_WARN_NON_LITERAL_NULL_CONVERSION = YES;
				CLANG_WARN_OBJC_IMPLICIT_RETAIN_SELF = YES;
				CLANG_WARN_OBJC_LITERAL_CONVERSION = YES;
				CLANG_WARN_OBJC_ROOT_CLASS = YES_ERROR;
				CLANG_WARN_QUOTED_INCLUDE_IN_FRAMEWORK_HEADER = YES;
				CLANG_WARN_RANGE_LOOP_ANALYSIS = YES;
				CLANG_WARN_STRICT_PROTOTYPES = YES;
				CLANG_WARN_SUSPICIOUS_MOVE = YES;
				CLANG_WARN_UNGUARDED_AVAILABILITY = YES_AGGRESSIVE;
				CLANG_WARN_UNREACHABLE_CODE = YES;
				CLANG_WARN__DUPLICATE_METHOD_MATCH = YES;
				COPY_PHASE_STRIP = NO;
				DEBUG_INFORMATION_FORMAT = "dwarf-with-dsym";
				ENABLE_NS_ASSERTIONS = NO;
				ENABLE_STRICT_OBJC_MSGSEND = YES;
				GCC_C_LANGUAGE_STANDARD = gnu11;
				GCC_NO_COMMON_BLOCKS = YES;
				GCC_WARN_64_TO_32_BIT_CONVERSION = YES;
				GCC_WARN_ABOUT_RETURN_TYPE = YES_ERROR;
				GCC_WARN_UNDECLARED_SELECTOR = YES;
				GCC_WARN_UNINITIALIZED_AUTOS = YES_AGGRESSIVE;
				GCC_WARN_UNUSED_FUNCTION = YES;
				GCC_WARN_UNUSED_VARIABLE = YES;
				IPHONEOS_DEPLOYMENT_TARGET = 16.1;
				MTL_ENABLE_DEBUG_INFO = NO;
				MTL_FAST_MATH = YES;
				SDKROOT = iphoneos;
				SWIFT_COMPILATION_MODE = wholemodule;
				SWIFT_OPTIMIZATION_LEVEL = "-O";
				VALIDATE_PRODUCT = YES;
			};
			name = Release;
		};
		4AE67D6A293A496C005C685D /* Debug */ = {
			isa = XCBuildConfiguration;
			buildSettings = {
				ASSETCATALOG_COMPILER_APPICON_NAME = AppIcon;
				ASSETCATALOG_COMPILER_GLOBAL_ACCENT_COLOR_NAME = AccentColor;
				CODE_SIGN_STYLE = Automatic;
				CURRENT_PROJECT_VERSION = 1;
				GENERATE_INFOPLIST_FILE = YES;
				INFOPLIST_FILE = Spotify/Info.plist;
				INFOPLIST_KEY_UIApplicationSupportsIndirectInputEvents = YES;
				INFOPLIST_KEY_UILaunchStoryboardName = LaunchScreen;
				INFOPLIST_KEY_UISupportedInterfaceOrientations_iPad = "UIInterfaceOrientationPortrait UIInterfaceOrientationPortraitUpsideDown UIInterfaceOrientationLandscapeLeft UIInterfaceOrientationLandscapeRight";
				INFOPLIST_KEY_UISupportedInterfaceOrientations_iPhone = "UIInterfaceOrientationPortrait UIInterfaceOrientationLandscapeLeft UIInterfaceOrientationLandscapeRight";
				LD_RUNPATH_SEARCH_PATHS = (
					"$(inherited)",
					"@executable_path/Frameworks",
				);
				MARKETING_VERSION = 1.0;
				PRODUCT_BUNDLE_IDENTIFIER = matt.Spotify;
				PRODUCT_NAME = "$(TARGET_NAME)";
				SWIFT_EMIT_LOC_STRINGS = YES;
				SWIFT_VERSION = 5.0;
				TARGETED_DEVICE_FAMILY = "1,2";
			};
			name = Debug;
		};
		4AE67D6B293A496C005C685D /* Release */ = {
			isa = XCBuildConfiguration;
			buildSettings = {
				ASSETCATALOG_COMPILER_APPICON_NAME = AppIcon;
				ASSETCATALOG_COMPILER_GLOBAL_ACCENT_COLOR_NAME = AccentColor;
				CODE_SIGN_STYLE = Automatic;
				CURRENT_PROJECT_VERSION = 1;
				GENERATE_INFOPLIST_FILE = YES;
				INFOPLIST_FILE = Spotify/Info.plist;
				INFOPLIST_KEY_UIApplicationSupportsIndirectInputEvents = YES;
				INFOPLIST_KEY_UILaunchStoryboardName = LaunchScreen;
				INFOPLIST_KEY_UISupportedInterfaceOrientations_iPad = "UIInterfaceOrientationPortrait UIInterfaceOrientationPortraitUpsideDown UIInterfaceOrientationLandscapeLeft UIInterfaceOrientationLandscapeRight";
				INFOPLIST_KEY_UISupportedInterfaceOrientations_iPhone = "UIInterfaceOrientationPortrait UIInterfaceOrientationLandscapeLeft UIInterfaceOrientationLandscapeRight";
				LD_RUNPATH_SEARCH_PATHS = (
					"$(inherited)",
					"@executable_path/Frameworks",
				);
				MARKETING_VERSION = 1.0;
				PRODUCT_BUNDLE_IDENTIFIER = matt.Spotify;
				PRODUCT_NAME = "$(TARGET_NAME)";
				SWIFT_EMIT_LOC_STRINGS = YES;
				SWIFT_VERSION = 5.0;
				TARGETED_DEVICE_FAMILY = "1,2";
			};
			name = Release;
		};
/* End XCBuildConfiguration section */

/* Begin XCConfigurationList section */
		4AE67D50293A496A005C685D /* Build configuration list for PBXProject "Spotify" */ = {
			isa = XCConfigurationList;
			buildConfigurations = (
				4AE67D67293A496C005C685D /* Debug */,
				4AE67D68293A496C005C685D /* Release */,
			);
			defaultConfigurationIsVisible = 0;
			defaultConfigurationName = Release;
		};
		4AE67D69293A496C005C685D /* Build configuration list for PBXNativeTarget "Spotify" */ = {
			isa = XCConfigurationList;
			buildConfigurations = (
				4AE67D6A293A496C005C685D /* Debug */,
				4AE67D6B293A496C005C685D /* Release */,
			);
			defaultConfigurationIsVisible = 0;
			defaultConfigurationName = Release;
		};
/* End XCConfigurationList section */
	};
	rootObject = 4AE67D4D293A496A005C685D /* Project object */;
}
